
Microsoft Visual Studio Solution File, Format Version 12.00
# Visual Studio Version 16
VisualStudioVersion = 16.0.30114.105
MinimumVisualStudioVersion = 10.0.40219.1
Project("{9A19103F-16F7-4668-BE54-9A1E7A4F7556}") = "OnlineStore", "OnlineStore\OnlineStore.csproj", "{B1587C1F-8884-4E04-83B5-1AC8445E2504}"
EndProject
Global
	GlobalSection(SolutionConfigurationPlatforms) = preSolution
		Debug|Any CPU = Debug|Any CPU
		Release|Any CPU = Release|Any CPU
	EndGlobalSection
	GlobalSection(ProjectConfigurationPlatforms) = postSolution
		{B1587C1F-8884-4E04-83B5-1AC8445E2504}.Debug|Any CPU.ActiveCfg = Debug|Any CPU
		{B1587C1F-8884-4E04-83B5-1AC8445E2504}.Debug|Any CPU.Build.0 = Debug|Any CPU
		{B1587C1F-8884-4E04-83B5-1AC8445E2504}.Release|Any CPU.ActiveCfg = Release|Any CPU
		{B1587C1F-8884-4E04-83B5-1AC8445E2504}.Release|Any CPU.Build.0 = Release|Any CPU
	EndGlobalSection
	GlobalSection(SolutionProperties) = preSolution
		HideSolutionNode = FALSE
	EndGlobalSection
	GlobalSection(ExtensibilityGlobals) = postSolution
		SolutionGuid = {A53421A8-092A-4049-8F73-56FF599C4870}
	EndGlobalSection
EndGlobal
